
Microsoft Visual Studio Solution File, Format Version 12.00
# Visual Studio 15
VisualStudioVersion = 15.0.27428.2037
MinimumVisualStudioVersion = 10.0.40219.1
Project("{FAE04EC0-301F-11D3-BF4B-00C04F79EFBC}") = "WebApplication2", "WebApplication2\WebApplication2.csproj", "{68DB0ACA-7F57-48C1-B467-A08B9C75704C}"
EndProject
Project("{FAE04EC0-301F-11D3-BF4B-00C04F79EFBC}") = "WinApp", "WinApp\WinApp.csproj", "{126147DF-BB68-4D89-83E3-D4297B7556CE}"
EndProject
Project("{FAE04EC0-301F-11D3-BF4B-00C04F79EFBC}") = "AndroidApp", "AndroidApp\AndroidApp.csproj", "{1400C1BA-7D80-422D-BA66-6C8AA954488A}"
EndProject
Global
	GlobalSection(SolutionConfigurationPlatforms) = preSolution
		Debug|Any CPU = Debug|Any CPU
		Debug|ARM = Debug|ARM
		Debug|x64 = Debug|x64
		Debug|x86 = Debug|x86
		Release|Any CPU = Release|Any CPU
		Release|ARM = Release|ARM
		Release|x64 = Release|x64
		Release|x86 = Release|x86
	EndGlobalSection
	GlobalSection(ProjectConfigurationPlatforms) = postSolution
		{68DB0ACA-7F57-48C1-B467-A08B9C75704C}.Debug|Any CPU.ActiveCfg = Debug|Any CPU
		{68DB0ACA-7F57-48C1-B467-A08B9C75704C}.Debug|Any CPU.Build.0 = Debug|Any CPU
		{68DB0ACA-7F57-48C1-B467-A08B9C75704C}.Debug|ARM.ActiveCfg = Debug|Any CPU
		{68DB0ACA-7F57-48C1-B467-A08B9C75704C}.Debug|ARM.Build.0 = Debug|Any CPU
		{68DB0ACA-7F57-48C1-B467-A08B9C75704C}.Debug|x64.ActiveCfg = Debug|Any CPU
		{68DB0ACA-7F57-48C1-B467-A08B9C75704C}.Debug|x64.Build.0 = Debug|Any CPU
		{68DB0ACA-7F57-48C1-B467-A08B9C75704C}.Debug|x86.ActiveCfg = Debug|Any CPU
		{68DB0ACA-7F57-48C1-B467-A08B9C75704C}.Debug|x86.Build.0 = Debug|Any CPU
		{68DB0ACA-7F57-48C1-B467-A08B9C75704C}.Release|Any CPU.ActiveCfg = Release|Any CPU
		{68DB0ACA-7F57-48C1-B467-A08B9C75704C}.Release|Any CPU.Build.0 = Release|Any CPU
		{68DB0ACA-7F57-48C1-B467-A08B9C75704C}.Release|ARM.ActiveCfg = Release|Any CPU
		{68DB0ACA-7F57-48C1-B467-A08B9C75704C}.Release|ARM.Build.0 = Release|Any CPU
		{68DB0ACA-7F57-48C1-B467-A08B9C75704C}.Release|x64.ActiveCfg = Release|Any CPU
		{68DB0ACA-7F57-48C1-B467-A08B9C75704C}.Release|x64.Build.0 = Release|Any CPU
		{68DB0ACA-7F57-48C1-B467-A08B9C75704C}.Release|x86.ActiveCfg = Release|Any CPU
		{68DB0ACA-7F57-48C1-B467-A08B9C75704C}.Release|x86.Build.0 = Release|Any CPU
		{126147DF-BB68-4D89-83E3-D4297B7556CE}.Debug|Any CPU.ActiveCfg = Debug|x86
		{126147DF-BB68-4D89-83E3-D4297B7556CE}.Debug|ARM.ActiveCfg = Debug|ARM
		{126147DF-BB68-4D89-83E3-D4297B7556CE}.Debug|ARM.Build.0 = Debug|ARM
		{126147DF-BB68-4D89-83E3-D4297B7556CE}.Debug|ARM.Deploy.0 = Debug|ARM
		{126147DF-BB68-4D89-83E3-D4297B7556CE}.Debug|x64.ActiveCfg = Debug|x64
		{126147DF-BB68-4D89-83E3-D4297B7556CE}.Debug|x64.Build.0 = Debug|x64
		{126147DF-BB68-4D89-83E3-D4297B7556CE}.Debug|x64.Deploy.0 = Debug|x64
		{126147DF-BB68-4D89-83E3-D4297B7556CE}.Debug|x86.ActiveCfg = Debug|x86
		{126147DF-BB68-4D89-83E3-D4297B7556CE}.Debug|x86.Build.0 = Debug|x86
		{126147DF-BB68-4D89-83E3-D4297B7556CE}.Debug|x86.Deploy.0 = Debug|x86
		{126147DF-BB68-4D89-83E3-D4297B7556CE}.Release|Any CPU.ActiveCfg = Release|x86
		{126147DF-BB68-4D89-83E3-D4297B7556CE}.Release|ARM.ActiveCfg = Release|ARM
		{126147DF-BB68-4D89-83E3-D4297B7556CE}.Release|ARM.Build.0 = Release|ARM
		{126147DF-BB68-4D89-83E3-D4297B7556CE}.Release|ARM.Deploy.0 = Release|ARM
		{126147DF-BB68-4D89-83E3-D4297B7556CE}.Release|x64.ActiveCfg = Release|x64
		{126147DF-BB68-4D89-83E3-D4297B7556CE}.Release|x64.Build.0 = Release|x64
		{126147DF-BB68-4D89-83E3-D4297B7556CE}.Release|x64.Deploy.0 = Release|x64
		{126147DF-BB68-4D89-83E3-D4297B7556CE}.Release|x86.ActiveCfg = Release|x86
		{126147DF-BB68-4D89-83E3-D4297B7556CE}.Release|x86.Build.0 = Release|x86
		{126147DF-BB68-4D89-83E3-D4297B7556CE}.Release|x86.Deploy.0 = Release|x86
		{1400C1BA-7D80-422D-BA66-6C8AA954488A}.Debug|Any CPU.ActiveCfg = Debug|Any CPU
		{1400C1BA-7D80-422D-BA66-6C8AA954488A}.Debug|Any CPU.Build.0 = Debug|Any CPU
		{1400C1BA-7D80-422D-BA66-6C8AA954488A}.Debug|Any CPU.Deploy.0 = Debug|Any CPU
		{1400C1BA-7D80-422D-BA66-6C8AA954488A}.Debug|ARM.ActiveCfg = Debug|Any CPU
		{1400C1BA-7D80-422D-BA66-6C8AA954488A}.Debug|ARM.Build.0 = Debug|Any CPU
		{1400C1BA-7D80-422D-BA66-6C8AA954488A}.Debug|ARM.Deploy.0 = Debug|Any CPU
		{1400C1BA-7D80-422D-BA66-6C8AA954488A}.Debug|x64.ActiveCfg = Debug|Any CPU
		{1400C1BA-7D80-422D-BA66-6C8AA954488A}.Debug|x64.Build.0 = Debug|Any CPU
		{1400C1BA-7D80-422D-BA66-6C8AA954488A}.Debug|x64.Deploy.0 = Debug|Any CPU
		{1400C1BA-7D80-422D-BA66-6C8AA954488A}.Debug|x86.ActiveCfg = Debug|Any CPU
		{1400C1BA-7D80-422D-BA66-6C8AA954488A}.Debug|x86.Build.0 = Debug|Any CPU
		{1400C1BA-7D80-422D-BA66-6C8AA954488A}.Debug|x86.Deploy.0 = Debug|Any CPU
		{1400C1BA-7D80-422D-BA66-6C8AA954488A}.Release|Any CPU.ActiveCfg = Release|Any CPU
		{1400C1BA-7D80-422D-BA66-6C8AA954488A}.Release|Any CPU.Build.0 = Release|Any CPU
		{1400C1BA-7D80-422D-BA66-6C8AA954488A}.Release|Any CPU.Deploy.0 = Release|Any CPU
		{1400C1BA-7D80-422D-BA66-6C8AA954488A}.Release|ARM.ActiveCfg = Release|Any CPU
		{1400C1BA-7D80-422D-BA66-6C8AA954488A}.Release|ARM.Build.0 = Release|Any CPU
		{1400C1BA-7D80-422D-BA66-6C8AA954488A}.Release|ARM.Deploy.0 = Release|Any CPU
		{1400C1BA-7D80-422D-BA66-6C8AA954488A}.Release|x64.ActiveCfg = Release|Any CPU
		{1400C1BA-7D80-422D-BA66-6C8AA954488A}.Release|x64.Build.0 = Release|Any CPU
		{1400C1BA-7D80-422D-BA66-6C8AA954488A}.Release|x64.Deploy.0 = Release|Any CPU
		{1400C1BA-7D80-422D-BA66-6C8AA954488A}.Release|x86.ActiveCfg = Release|Any CPU
		{1400C1BA-7D80-422D-BA66-6C8AA954488A}.Release|x86.Build.0 = Release|Any CPU
		{1400C1BA-7D80-422D-BA66-6C8AA954488A}.Release|x86.Deploy.0 = Release|Any CPU
	EndGlobalSection
	GlobalSection(SolutionProperties) = preSolution
		HideSolutionNode = FALSE
	EndGlobalSection
	GlobalSection(ExtensibilityGlobals) = postSolution
		SolutionGuid = {7EABEC0B-B21E-499A-85C1-A75B81546FAC}
	EndGlobalSection
EndGlobal
