
Microsoft Visual Studio Solution File, Format Version 12.00
# Visual Studio 15
VisualStudioVersion = 15.0.27428.2037
MinimumVisualStudioVersion = 10.0.40219.1
Project("{FAE04EC0-301F-11D3-BF4B-00C04F79EFBC}") = "WebApplication2", "WebApplication2\WebApplication2.csproj", "{68DB0ACA-7F57-48C1-B467-A08B9C75704C}"
EndProject
Global
	GlobalSection(SolutionConfigurationPlatforms) = preSolution
		Debug|Any CPU = Debug|Any CPU
		Release|Any CPU = Release|Any CPU
	EndGlobalSection
	GlobalSection(ProjectConfigurationPlatforms) = postSolution
		{68DB0ACA-7F57-48C1-B467-A08B9C75704C}.Debug|Any CPU.ActiveCfg = Debug|Any CPU
		{68DB0ACA-7F57-48C1-B467-A08B9C75704C}.Debug|Any CPU.Build.0 = Debug|Any CPU
		{68DB0ACA-7F57-48C1-B467-A08B9C75704C}.Release|Any CPU.ActiveCfg = Release|Any CPU
		{68DB0ACA-7F57-48C1-B467-A08B9C75704C}.Release|Any CPU.Build.0 = Release|Any CPU
	EndGlobalSection
	GlobalSection(SolutionProperties) = preSolution
		HideSolutionNode = FALSE
	EndGlobalSection
	GlobalSection(ExtensibilityGlobals) = postSolution
		SolutionGuid = {7EABEC0B-B21E-499A-85C1-A75B81546FAC}
	EndGlobalSection
EndGlobal
