// !$*UTF8*$!
{
	archiveVersion = 1;
	classes = {
	};
	objectVersion = 50;
	objects = {

/* Begin PBXBuildFile section */
		3ED4AFEA22EC5FAC00F0164A /* AppDelegate.swift in Sources */ = {isa = PBXBuildFile; fileRef = 3ED4AFE922EC5FAC00F0164A /* AppDelegate.swift */; };
		3ED4AFEC22EC5FAC00F0164A /* ViewController.swift in Sources */ = {isa = PBXBuildFile; fileRef = 3ED4AFEB22EC5FAC00F0164A /* ViewController.swift */; };
		3ED4AFEF22EC5FAC00F0164A /* Main.storyboard in Resources */ = {isa = PBXBuildFile; fileRef = 3ED4AFED22EC5FAC00F0164A /* Main.storyboard */; };
		3ED4AFF122EC5FAE00F0164A /* Assets.xcassets in Resources */ = {isa = PBXBuildFile; fileRef = 3ED4AFF022EC5FAE00F0164A /* Assets.xcassets */; };
		3ED4AFF422EC5FAE00F0164A /* LaunchScreen.storyboard in Resources */ = {isa = PBXBuildFile; fileRef = 3ED4AFF222EC5FAE00F0164A /* LaunchScreen.storyboard */; };
		3ED4AFFF22EC5FAE00F0164A /* HelloWorldTests.swift in Sources */ = {isa = PBXBuildFile; fileRef = 3ED4AFFE22EC5FAE00F0164A /* HelloWorldTests.swift */; };
		3ED4B00A22EC5FAE00F0164A /* HelloWorldUITests.swift in Sources */ = {isa = PBXBuildFile; fileRef = 3ED4B00922EC5FAE00F0164A /* HelloWorldUITests.swift */; };
/* End PBXBuildFile section */

/* Begin PBXContainerItemProxy section */
		3ED4AFFB22EC5FAE00F0164A /* PBXContainerItemProxy */ = {
			isa = PBXContainerItemProxy;
			containerPortal = 3ED4AFDE22EC5FAC00F0164A /* Project object */;
			proxyType = 1;
			remoteGlobalIDString = 3ED4AFE522EC5FAC00F0164A;
			remoteInfo = HelloWorld;
		};
		3ED4B00622EC5FAE00F0164A /* PBXContainerItemProxy */ = {
			isa = PBXContainerItemProxy;
			containerPortal = 3ED4AFDE22EC5FAC00F0164A /* Project object */;
			proxyType = 1;
			remoteGlobalIDString = 3ED4AFE522EC5FAC00F0164A;
			remoteInfo = HelloWorld;
		};
/* End PBXContainerItemProxy section */

/* Begin PBXFileReference section */
		3ED4AFE622EC5FAC00F0164A /* HelloWorld.app */ = {isa = PBXFileReference; explicitFileType = wrapper.application; includeInIndex = 0; path = HelloWorld.app; sourceTree = BUILT_PRODUCTS_DIR; };
		3ED4AFE922EC5FAC00F0164A /* AppDelegate.swift */ = {isa = PBXFileReference; lastKnownFileType = sourcecode.swift; path = AppDelegate.swift; sourceTree = "<group>"; };
		3ED4AFEB22EC5FAC00F0164A /* ViewController.swift */ = {isa = PBXFileReference; lastKnownFileType = sourcecode.swift; path = ViewController.swift; sourceTree = "<group>"; };
		3ED4AFEE22EC5FAC00F0164A /* Base */ = {isa = PBXFileReference; lastKnownFileType = file.storyboard; name = Base; path = Base.lproj/Main.storyboard; sourceTree = "<group>"; };
		3ED4AFF022EC5FAE00F0164A /* Assets.xcassets */ = {isa = PBXFileReference; lastKnownFileType = folder.assetcatalog; path = Assets.xcassets; sourceTree = "<group>"; };
		3ED4AFF322EC5FAE00F0164A /* Base */ = {isa = PBXFileReference; lastKnownFileType = file.storyboard; name = Base; path = Base.lproj/LaunchScreen.storyboard; sourceTree = "<group>"; };
		3ED4AFF522EC5FAE00F0164A /* Info.plist */ = {isa = PBXFileReference; lastKnownFileType = text.plist.xml; path = Info.plist; sourceTree = "<group>"; };
		3ED4AFFA22EC5FAE00F0164A /* HelloWorldTests.xctest */ = {isa = PBXFileReference; explicitFileType = wrapper.cfbundle; includeInIndex = 0; path = HelloWorldTests.xctest; sourceTree = BUILT_PRODUCTS_DIR; };
		3ED4AFFE22EC5FAE00F0164A /* HelloWorldTests.swift */ = {isa = PBXFileReference; lastKnownFileType = sourcecode.swift; path = HelloWorldTests.swift; sourceTree = "<group>"; };
		3ED4B00022EC5FAE00F0164A /* Info.plist */ = {isa = PBXFileReference; lastKnownFileType = text.plist.xml; path = Info.plist; sourceTree = "<group>"; };
		3ED4B00522EC5FAE00F0164A /* HelloWorldUITests.xctest */ = {isa = PBXFileReference; explicitFileType = wrapper.cfbundle; includeInIndex = 0; path = HelloWorldUITests.xctest; sourceTree = BUILT_PRODUCTS_DIR; };
		3ED4B00922EC5FAE00F0164A /* HelloWorldUITests.swift */ = {isa = PBXFileReference; lastKnownFileType = sourcecode.swift; path = HelloWorldUITests.swift; sourceTree = "<group>"; };
		3ED4B00B22EC5FAE00F0164A /* Info.plist */ = {isa = PBXFileReference; lastKnownFileType = text.plist.xml; path = Info.plist; sourceTree = "<group>"; };
/* End PBXFileReference section */

/* Begin PBXFrameworksBuildPhase section */
		3ED4AFE322EC5FAC00F0164A /* Frameworks */ = {
			isa = PBXFrameworksBuildPhase;
			buildActionMask = 2147483647;
			files = (
			);
			runOnlyForDeploymentPostprocessing = 0;
		};
		3ED4AFF722EC5FAE00F0164A /* Frameworks */ = {
			isa = PBXFrameworksBuildPhase;
			buildActionMask = 2147483647;
			files = (
			);
			runOnlyForDeploymentPostprocessing = 0;
		};
		3ED4B00222EC5FAE00F0164A /* Frameworks */ = {
			isa = PBXFrameworksBuildPhase;
			buildActionMask = 2147483647;
			files = (
			);
			runOnlyForDeploymentPostprocessing = 0;
		};
/* End PBXFrameworksBuildPhase section */

/* Begin PBXGroup section */
		3ED4AFDD22EC5FAC00F0164A = {
			isa = PBXGroup;
			children = (
				3ED4AFE822EC5FAC00F0164A /* HelloWorld */,
				3ED4AFFD22EC5FAE00F0164A /* HelloWorldTests */,
				3ED4B00822EC5FAE00F0164A /* HelloWorldUITests */,
				3ED4AFE722EC5FAC00F0164A /* Products */,
			);
			sourceTree = "<group>";
		};
		3ED4AFE722EC5FAC00F0164A /* Products */ = {
			isa = PBXGroup;
			children = (
				3ED4AFE622EC5FAC00F0164A /* HelloWorld.app */,
				3ED4AFFA22EC5FAE00F0164A /* HelloWorldTests.xctest */,
				3ED4B00522EC5FAE00F0164A /* HelloWorldUITests.xctest */,
			);
			name = Products;
			sourceTree = "<group>";
		};
		3ED4AFE822EC5FAC00F0164A /* HelloWorld */ = {
			isa = PBXGroup;
			children = (
				3ED4AFE922EC5FAC00F0164A /* AppDelegate.swift */,
				3ED4AFEB22EC5FAC00F0164A /* ViewController.swift */,
				3ED4AFED22EC5FAC00F0164A /* Main.storyboard */,
				3ED4AFF022EC5FAE00F0164A /* Assets.xcassets */,
				3ED4AFF222EC5FAE00F0164A /* LaunchScreen.storyboard */,
				3ED4AFF522EC5FAE00F0164A /* Info.plist */,
			);
			path = HelloWorld;
			sourceTree = "<group>";
		};
		3ED4AFFD22EC5FAE00F0164A /* HelloWorldTests */ = {
			isa = PBXGroup;
			children = (
				3ED4AFFE22EC5FAE00F0164A /* HelloWorldTests.swift */,
				3ED4B00022EC5FAE00F0164A /* Info.plist */,
			);
			path = HelloWorldTests;
			sourceTree = "<group>";
		};
		3ED4B00822EC5FAE00F0164A /* HelloWorldUITests */ = {
			isa = PBXGroup;
			children = (
				3ED4B00922EC5FAE00F0164A /* HelloWorldUITests.swift */,
				3ED4B00B22EC5FAE00F0164A /* Info.plist */,
			);
			path = HelloWorldUITests;
			sourceTree = "<group>";
		};
/* End PBXGroup section */

/* Begin PBXNativeTarget section */
		3ED4AFE522EC5FAC00F0164A /* HelloWorld */ = {
			isa = PBXNativeTarget;
			buildConfigurationList = 3ED4B00E22EC5FAE00F0164A /* Build configuration list for PBXNativeTarget "HelloWorld" */;
			buildPhases = (
				3ED4AFE222EC5FAC00F0164A /* Sources */,
				3ED4AFE322EC5FAC00F0164A /* Frameworks */,
				3ED4AFE422EC5FAC00F0164A /* Resources */,
			);
			buildRules = (
			);
			dependencies = (
			);
			name = HelloWorld;
			productName = HelloWorld;
			productReference = 3ED4AFE622EC5FAC00F0164A /* HelloWorld.app */;
			productType = "com.apple.product-type.application";
		};
		3ED4AFF922EC5FAE00F0164A /* HelloWorldTests */ = {
			isa = PBXNativeTarget;
			buildConfigurationList = 3ED4B01122EC5FAE00F0164A /* Build configuration list for PBXNativeTarget "HelloWorldTests" */;
			buildPhases = (
				3ED4AFF622EC5FAE00F0164A /* Sources */,
				3ED4AFF722EC5FAE00F0164A /* Frameworks */,
				3ED4AFF822EC5FAE00F0164A /* Resources */,
			);
			buildRules = (
			);
			dependencies = (
				3ED4AFFC22EC5FAE00F0164A /* PBXTargetDependency */,
			);
			name = HelloWorldTests;
			productName = HelloWorldTests;
			productReference = 3ED4AFFA22EC5FAE00F0164A /* HelloWorldTests.xctest */;
			productType = "com.apple.product-type.bundle.unit-test";
		};
		3ED4B00422EC5FAE00F0164A /* HelloWorldUITests */ = {
			isa = PBXNativeTarget;
			buildConfigurationList = 3ED4B01422EC5FAE00F0164A /* Build configuration list for PBXNativeTarget "HelloWorldUITests" */;
			buildPhases = (
				3ED4B00122EC5FAE00F0164A /* Sources */,
				3ED4B00222EC5FAE00F0164A /* Frameworks */,
				3ED4B00322EC5FAE00F0164A /* Resources */,
			);
			buildRules = (
			);
			dependencies = (
				3ED4B00722EC5FAE00F0164A /* PBXTargetDependency */,
			);
			name = HelloWorldUITests;
			productName = HelloWorldUITests;
			productReference = 3ED4B00522EC5FAE00F0164A /* HelloWorldUITests.xctest */;
			productType = "com.apple.product-type.bundle.ui-testing";
		};
/* End PBXNativeTarget section */

/* Begin PBXProject section */
		3ED4AFDE22EC5FAC00F0164A /* Project object */ = {
			isa = PBXProject;
			attributes = {
				LastSwiftUpdateCheck = 1030;
				LastUpgradeCheck = 1030;
				ORGANIZATIONNAME = "Victor Gamez";
				TargetAttributes = {
					3ED4AFE522EC5FAC00F0164A = {
						CreatedOnToolsVersion = 10.3;
					};
					3ED4AFF922EC5FAE00F0164A = {
						CreatedOnToolsVersion = 10.3;
						TestTargetID = 3ED4AFE522EC5FAC00F0164A;
					};
					3ED4B00422EC5FAE00F0164A = {
						CreatedOnToolsVersion = 10.3;
						TestTargetID = 3ED4AFE522EC5FAC00F0164A;
					};
				};
			};
			buildConfigurationList = 3ED4AFE122EC5FAC00F0164A /* Build configuration list for PBXProject "HelloWorld" */;
			compatibilityVersion = "Xcode 9.3";
			developmentRegion = en;
			hasScannedForEncodings = 0;
			knownRegions = (
				en,
				Base,
			);
			mainGroup = 3ED4AFDD22EC5FAC00F0164A;
			productRefGroup = 3ED4AFE722EC5FAC00F0164A /* Products */;
			projectDirPath = "";
			projectRoot = "";
			targets = (
				3ED4AFE522EC5FAC00F0164A /* HelloWorld */,
				3ED4AFF922EC5FAE00F0164A /* HelloWorldTests */,
				3ED4B00422EC5FAE00F0164A /* HelloWorldUITests */,
			);
		};
/* End PBXProject section */

/* Begin PBXResourcesBuildPhase section */
		3ED4AFE422EC5FAC00F0164A /* Resources */ = {
			isa = PBXResourcesBuildPhase;
			buildActionMask = 2147483647;
			files = (
				3ED4AFF422EC5FAE00F0164A /* LaunchScreen.storyboard in Resources */,
				3ED4AFF122EC5FAE00F0164A /* Assets.xcassets in Resources */,
				3ED4AFEF22EC5FAC00F0164A /* Main.storyboard in Resources */,
			);
			runOnlyForDeploymentPostprocessing = 0;
		};
		3ED4AFF822EC5FAE00F0164A /* Resources */ = {
			isa = PBXResourcesBuildPhase;
			buildActionMask = 2147483647;
			files = (
			);
			runOnlyForDeploymentPostprocessing = 0;
		};
		3ED4B00322EC5FAE00F0164A /* Resources */ = {
			isa = PBXResourcesBuildPhase;
			buildActionMask = 2147483647;
			files = (
			);
			runOnlyForDeploymentPostprocessing = 0;
		};
/* End PBXResourcesBuildPhase section */

/* Begin PBXSourcesBuildPhase section */
		3ED4AFE222EC5FAC00F0164A /* Sources */ = {
			isa = PBXSourcesBuildPhase;
			buildActionMask = 2147483647;
			files = (
				3ED4AFEC22EC5FAC00F0164A /* ViewController.swift in Sources */,
				3ED4AFEA22EC5FAC00F0164A /* AppDelegate.swift in Sources */,
			);
			runOnlyForDeploymentPostprocessing = 0;
		};
		3ED4AFF622EC5FAE00F0164A /* Sources */ = {
			isa = PBXSourcesBuildPhase;
			buildActionMask = 2147483647;
			files = (
				3ED4AFFF22EC5FAE00F0164A /* HelloWorldTests.swift in Sources */,
			);
			runOnlyForDeploymentPostprocessing = 0;
		};
		3ED4B00122EC5FAE00F0164A /* Sources */ = {
			isa = PBXSourcesBuildPhase;
			buildActionMask = 2147483647;
			files = (
				3ED4B00A22EC5FAE00F0164A /* HelloWorldUITests.swift in Sources */,
			);
			runOnlyForDeploymentPostprocessing = 0;
		};
/* End PBXSourcesBuildPhase section */

/* Begin PBXTargetDependency section */
		3ED4AFFC22EC5FAE00F0164A /* PBXTargetDependency */ = {
			isa = PBXTargetDependency;
			target = 3ED4AFE522EC5FAC00F0164A /* HelloWorld */;
			targetProxy = 3ED4AFFB22EC5FAE00F0164A /* PBXContainerItemProxy */;
		};
		3ED4B00722EC5FAE00F0164A /* PBXTargetDependency */ = {
			isa = PBXTargetDependency;
			target = 3ED4AFE522EC5FAC00F0164A /* HelloWorld */;
			targetProxy = 3ED4B00622EC5FAE00F0164A /* PBXContainerItemProxy */;
		};
/* End PBXTargetDependency section */

/* Begin PBXVariantGroup section */
		3ED4AFED22EC5FAC00F0164A /* Main.storyboard */ = {
			isa = PBXVariantGroup;
			children = (
				3ED4AFEE22EC5FAC00F0164A /* Base */,
			);
			name = Main.storyboard;
			sourceTree = "<group>";
		};
		3ED4AFF222EC5FAE00F0164A /* LaunchScreen.storyboard */ = {
			isa = PBXVariantGroup;
			children = (
				3ED4AFF322EC5FAE00F0164A /* Base */,
			);
			name = LaunchScreen.storyboard;
			sourceTree = "<group>";
		};
/* End PBXVariantGroup section */

/* Begin XCBuildConfiguration section */
		3ED4B00C22EC5FAE00F0164A /* Debug */ = {
			isa = XCBuildConfiguration;
			buildSettings = {
				ALWAYS_SEARCH_USER_PATHS = NO;
				CLANG_ANALYZER_NONNULL = YES;
				CLANG_ANALYZER_NUMBER_OBJECT_CONVERSION = YES_AGGRESSIVE;
				CLANG_CXX_LANGUAGE_STANDARD = "gnu++14";
				CLANG_CXX_LIBRARY = "libc++";
				CLANG_ENABLE_MODULES = YES;
				CLANG_ENABLE_OBJC_ARC = YES;
				CLANG_ENABLE_OBJC_WEAK = YES;
				CLANG_WARN_BLOCK_CAPTURE_AUTORELEASING = YES;
				CLANG_WARN_BOOL_CONVERSION = YES;
				CLANG_WARN_COMMA = YES;
				CLANG_WARN_CONSTANT_CONVERSION = YES;
				CLANG_WARN_DEPRECATED_OBJC_IMPLEMENTATIONS = YES;
				CLANG_WARN_DIRECT_OBJC_ISA_USAGE = YES_ERROR;
				CLANG_WARN_DOCUMENTATION_COMMENTS = YES;
				CLANG_WARN_EMPTY_BODY = YES;
				CLANG_WARN_ENUM_CONVERSION = YES;
				CLANG_WARN_INFINITE_RECURSION = YES;
				CLANG_WARN_INT_CONVERSION = YES;
				CLANG_WARN_NON_LITERAL_NULL_CONVERSION = YES;
				CLANG_WARN_OBJC_IMPLICIT_RETAIN_SELF = YES;
				CLANG_WARN_OBJC_LITERAL_CONVERSION = YES;
				CLANG_WARN_OBJC_ROOT_CLASS = YES_ERROR;
				CLANG_WARN_RANGE_LOOP_ANALYSIS = YES;
				CLANG_WARN_STRICT_PROTOTYPES = YES;
				CLANG_WARN_SUSPICIOUS_MOVE = YES;
				CLANG_WARN_UNGUARDED_AVAILABILITY = YES_AGGRESSIVE;
				CLANG_WARN_UNREACHABLE_CODE = YES;
				CLANG_WARN__DUPLICATE_METHOD_MATCH = YES;
				CODE_SIGN_IDENTITY = "iPhone Developer";
				COPY_PHASE_STRIP = NO;
				DEBUG_INFORMATION_FORMAT = dwarf;
				ENABLE_STRICT_OBJC_MSGSEND = YES;
				ENABLE_TESTABILITY = YES;
				GCC_C_LANGUAGE_STANDARD = gnu11;
				GCC_DYNAMIC_NO_PIC = NO;
				GCC_NO_COMMON_BLOCKS = YES;
				GCC_OPTIMIZATION_LEVEL = 0;
				GCC_PREPROCESSOR_DEFINITIONS = (
					"DEBUG=1",
					"$(inherited)",
				);
				GCC_WARN_64_TO_32_BIT_CONVERSION = YES;
				GCC_WARN_ABOUT_RETURN_TYPE = YES_ERROR;
				GCC_WARN_UNDECLARED_SELECTOR = YES;
				GCC_WARN_UNINITIALIZED_AUTOS = YES_AGGRESSIVE;
				GCC_WARN_UNUSED_FUNCTION = YES;
				GCC_WARN_UNUSED_VARIABLE = YES;
				IPHONEOS_DEPLOYMENT_TARGET = 12.4;
				MTL_ENABLE_DEBUG_INFO = INCLUDE_SOURCE;
				MTL_FAST_MATH = YES;
				ONLY_ACTIVE_ARCH = YES;
				SDKROOT = iphoneos;
				SWIFT_ACTIVE_COMPILATION_CONDITIONS = DEBUG;
				SWIFT_OPTIMIZATION_LEVEL = "-Onone";
			};
			name = Debug;
		};
		3ED4B00D22EC5FAE00F0164A /* Release */ = {
			isa = XCBuildConfiguration;
			buildSettings = {
				ALWAYS_SEARCH_USER_PATHS = NO;
				CLANG_ANALYZER_NONNULL = YES;
				CLANG_ANALYZER_NUMBER_OBJECT_CONVERSION = YES_AGGRESSIVE;
				CLANG_CXX_LANGUAGE_STANDARD = "gnu++14";
				CLANG_CXX_LIBRARY = "libc++";
				CLANG_ENABLE_MODULES = YES;
				CLANG_ENABLE_OBJC_ARC = YES;
				CLANG_ENABLE_OBJC_WEAK = YES;
				CLANG_WARN_BLOCK_CAPTURE_AUTORELEASING = YES;
				CLANG_WARN_BOOL_CONVERSION = YES;
				CLANG_WARN_COMMA = YES;
				CLANG_WARN_CONSTANT_CONVERSION = YES;
				CLANG_WARN_DEPRECATED_OBJC_IMPLEMENTATIONS = YES;
				CLANG_WARN_DIRECT_OBJC_ISA_USAGE = YES_ERROR;
				CLANG_WARN_DOCUMENTATION_COMMENTS = YES;
				CLANG_WARN_EMPTY_BODY = YES;
				CLANG_WARN_ENUM_CONVERSION = YES;
				CLANG_WARN_INFINITE_RECURSION = YES;
				CLANG_WARN_INT_CONVERSION = YES;
				CLANG_WARN_NON_LITERAL_NULL_CONVERSION = YES;
				CLANG_WARN_OBJC_IMPLICIT_RETAIN_SELF = YES;
				CLANG_WARN_OBJC_LITERAL_CONVERSION = YES;
				CLANG_WARN_OBJC_ROOT_CLASS = YES_ERROR;
				CLANG_WARN_RANGE_LOOP_ANALYSIS = YES;
				CLANG_WARN_STRICT_PROTOTYPES = YES;
				CLANG_WARN_SUSPICIOUS_MOVE = YES;
				CLANG_WARN_UNGUARDED_AVAILABILITY = YES_AGGRESSIVE;
				CLANG_WARN_UNREACHABLE_CODE = YES;
				CLANG_WARN__DUPLICATE_METHOD_MATCH = YES;
				CODE_SIGN_IDENTITY = "iPhone Developer";
				COPY_PHASE_STRIP = NO;
				DEBUG_INFORMATION_FORMAT = "dwarf-with-dsym";
				ENABLE_NS_ASSERTIONS = NO;
				ENABLE_STRICT_OBJC_MSGSEND = YES;
				GCC_C_LANGUAGE_STANDARD = gnu11;
				GCC_NO_COMMON_BLOCKS = YES;
				GCC_WARN_64_TO_32_BIT_CONVERSION = YES;
				GCC_WARN_ABOUT_RETURN_TYPE = YES_ERROR;
				GCC_WARN_UNDECLARED_SELECTOR = YES;
				GCC_WARN_UNINITIALIZED_AUTOS = YES_AGGRESSIVE;
				GCC_WARN_UNUSED_FUNCTION = YES;
				GCC_WARN_UNUSED_VARIABLE = YES;
				IPHONEOS_DEPLOYMENT_TARGET = 12.4;
				MTL_ENABLE_DEBUG_INFO = NO;
				MTL_FAST_MATH = YES;
				SDKROOT = iphoneos;
				SWIFT_COMPILATION_MODE = wholemodule;
				SWIFT_OPTIMIZATION_LEVEL = "-O";
				VALIDATE_PRODUCT = YES;
			};
			name = Release;
		};
		3ED4B00F22EC5FAE00F0164A /* Debug */ = {
			isa = XCBuildConfiguration;
			buildSettings = {
				ASSETCATALOG_COMPILER_APPICON_NAME = AppIcon;
				CODE_SIGN_STYLE = Automatic;
				INFOPLIST_FILE = HelloWorld/Info.plist;
				LD_RUNPATH_SEARCH_PATHS = (
					"$(inherited)",
					"@executable_path/Frameworks",
				);
				PRODUCT_BUNDLE_IDENTIFIER = com.vgamez.HelloWorld;
				PRODUCT_NAME = "$(TARGET_NAME)";
				SWIFT_VERSION = 5.0;
				TARGETED_DEVICE_FAMILY = "1,2";
			};
			name = Debug;
		};
		3ED4B01022EC5FAE00F0164A /* Release */ = {
			isa = XCBuildConfiguration;
			buildSettings = {
				ASSETCATALOG_COMPILER_APPICON_NAME = AppIcon;
				CODE_SIGN_STYLE = Automatic;
				INFOPLIST_FILE = HelloWorld/Info.plist;
				LD_RUNPATH_SEARCH_PATHS = (
					"$(inherited)",
					"@executable_path/Frameworks",
				);
				PRODUCT_BUNDLE_IDENTIFIER = com.vgamez.HelloWorld;
				PRODUCT_NAME = "$(TARGET_NAME)";
				SWIFT_VERSION = 5.0;
				TARGETED_DEVICE_FAMILY = "1,2";
			};
			name = Release;
		};
		3ED4B01222EC5FAE00F0164A /* Debug */ = {
			isa = XCBuildConfiguration;
			buildSettings = {
				ALWAYS_EMBED_SWIFT_STANDARD_LIBRARIES = YES;
				BUNDLE_LOADER = "$(TEST_HOST)";
				CODE_SIGN_STYLE = Automatic;
				INFOPLIST_FILE = HelloWorldTests/Info.plist;
				LD_RUNPATH_SEARCH_PATHS = (
					"$(inherited)",
					"@executable_path/Frameworks",
					"@loader_path/Frameworks",
				);
				PRODUCT_BUNDLE_IDENTIFIER = com.vgamez.HelloWorldTests;
				PRODUCT_NAME = "$(TARGET_NAME)";
				SWIFT_VERSION = 5.0;
				TARGETED_DEVICE_FAMILY = "1,2";
				TEST_HOST = "$(BUILT_PRODUCTS_DIR)/HelloWorld.app/HelloWorld";
			};
			name = Debug;
		};
		3ED4B01322EC5FAE00F0164A /* Release */ = {
			isa = XCBuildConfiguration;
			buildSettings = {
				ALWAYS_EMBED_SWIFT_STANDARD_LIBRARIES = YES;
				BUNDLE_LOADER = "$(TEST_HOST)";
				CODE_SIGN_STYLE = Automatic;
				INFOPLIST_FILE = HelloWorldTests/Info.plist;
				LD_RUNPATH_SEARCH_PATHS = (
					"$(inherited)",
					"@executable_path/Frameworks",
					"@loader_path/Frameworks",
				);
				PRODUCT_BUNDLE_IDENTIFIER = com.vgamez.HelloWorldTests;
				PRODUCT_NAME = "$(TARGET_NAME)";
				SWIFT_VERSION = 5.0;
				TARGETED_DEVICE_FAMILY = "1,2";
				TEST_HOST = "$(BUILT_PRODUCTS_DIR)/HelloWorld.app/HelloWorld";
			};
			name = Release;
		};
		3ED4B01522EC5FAE00F0164A /* Debug */ = {
			isa = XCBuildConfiguration;
			buildSettings = {
				ALWAYS_EMBED_SWIFT_STANDARD_LIBRARIES = YES;
				CODE_SIGN_STYLE = Automatic;
				INFOPLIST_FILE = HelloWorldUITests/Info.plist;
				LD_RUNPATH_SEARCH_PATHS = (
					"$(inherited)",
					"@executable_path/Frameworks",
					"@loader_path/Frameworks",
				);
				PRODUCT_BUNDLE_IDENTIFIER = com.vgamez.HelloWorldUITests;
				PRODUCT_NAME = "$(TARGET_NAME)";
				SWIFT_VERSION = 5.0;
				TARGETED_DEVICE_FAMILY = "1,2";
				TEST_TARGET_NAME = HelloWorld;
			};
			name = Debug;
		};
		3ED4B01622EC5FAE00F0164A /* Release */ = {
			isa = XCBuildConfiguration;
			buildSettings = {
				ALWAYS_EMBED_SWIFT_STANDARD_LIBRARIES = YES;
				CODE_SIGN_STYLE = Automatic;
				INFOPLIST_FILE = HelloWorldUITests/Info.plist;
				LD_RUNPATH_SEARCH_PATHS = (
					"$(inherited)",
					"@executable_path/Frameworks",
					"@loader_path/Frameworks",
				);
				PRODUCT_BUNDLE_IDENTIFIER = com.vgamez.HelloWorldUITests;
				PRODUCT_NAME = "$(TARGET_NAME)";
				SWIFT_VERSION = 5.0;
				TARGETED_DEVICE_FAMILY = "1,2";
				TEST_TARGET_NAME = HelloWorld;
			};
			name = Release;
		};
/* End XCBuildConfiguration section */

/* Begin XCConfigurationList section */
		3ED4AFE122EC5FAC00F0164A /* Build configuration list for PBXProject "HelloWorld" */ = {
			isa = XCConfigurationList;
			buildConfigurations = (
				3ED4B00C22EC5FAE00F0164A /* Debug */,
				3ED4B00D22EC5FAE00F0164A /* Release */,
			);
			defaultConfigurationIsVisible = 0;
			defaultConfigurationName = Release;
		};
		3ED4B00E22EC5FAE00F0164A /* Build configuration list for PBXNativeTarget "HelloWorld" */ = {
			isa = XCConfigurationList;
			buildConfigurations = (
				3ED4B00F22EC5FAE00F0164A /* Debug */,
				3ED4B01022EC5FAE00F0164A /* Release */,
			);
			defaultConfigurationIsVisible = 0;
			defaultConfigurationName = Release;
		};
		3ED4B01122EC5FAE00F0164A /* Build configuration list for PBXNativeTarget "HelloWorldTests" */ = {
			isa = XCConfigurationList;
			buildConfigurations = (
				3ED4B01222EC5FAE00F0164A /* Debug */,
				3ED4B01322EC5FAE00F0164A /* Release */,
			);
			defaultConfigurationIsVisible = 0;
			defaultConfigurationName = Release;
		};
		3ED4B01422EC5FAE00F0164A /* Build configuration list for PBXNativeTarget "HelloWorldUITests" */ = {
			isa = XCConfigurationList;
			buildConfigurations = (
				3ED4B01522EC5FAE00F0164A /* Debug */,
				3ED4B01622EC5FAE00F0164A /* Release */,
			);
			defaultConfigurationIsVisible = 0;
			defaultConfigurationName = Release;
		};
/* End XCConfigurationList section */
	};
	rootObject = 3ED4AFDE22EC5FAC00F0164A /* Project object */;
}
